<?xml version="1.0" encoding="utf-8"?>
<Project ToolsVersion="4.0" xmlns="http://schemas.microsoft.com/developer/msbuild/2003">
  <ItemGroup>
    <Filter Include="Source Files">
      <UniqueIdentifier>{4FC737F1-C7A5-4376-A066-2A32D752A2FF}</UniqueIdentifier>
      <Extensions>cpp;c;cc;cxx;def;odl;idl;hpj;bat;asm;asmx</Extensions>
    </Filter>
    <Filter Include="Header Files">
      <UniqueIdentifier>{93995380-89BD-4b04-88EB-625FBE52EBFB}</UniqueIdentifier>
      <Extensions>h;hh;hpp;hxx;hm;inl;inc;xsd</Extensions>
    </Filter>
    <Filter Include="Resource Files">
      <UniqueIdentifier>{67DA6AB6-F800-4c08-8B7A-83BB121AAD01}</UniqueIdentifier>
      <Extensions>rc;ico;cur;bmp;dlg;rc2;rct;bin;rgs;gif;jpg;jpeg;jpe;resx;tiff;tif;png;wav;mfcribbon-ms</Extensions>
    </Filter>
  </ItemGroup>
  <ItemGroup>
    <Image Include="..\res\spritesheet.png">
      <Filter>Resource Files</Filter>
    </Image>
  </ItemGroup>
  <ItemGroup>
    <ClCompile Include="..\..\..\SteeringBehaviors_ToniFerrari_HuiyuanZhou_JoanGinard\SDL_Steering_Behaviors-master\src\Agent.cpp">
      <Filter>Source Files</Filter>
    </ClCompile>
    <ClCompile Include="..\..\..\SteeringBehaviors_ToniFerrari_HuiyuanZhou_JoanGinard\SDL_Steering_Behaviors-master\src\Flocking.cpp">
      <Filter>Source Files</Filter>
    </ClCompile>
    <ClCompile Include="..\..\..\SteeringBehaviors_ToniFerrari_HuiyuanZhou_JoanGinard\SDL_Steering_Behaviors-master\src\main.cpp">
      <Filter>Source Files</Filter>
    </ClCompile>
    <ClCompile Include="..\..\..\SteeringBehaviors_ToniFerrari_HuiyuanZhou_JoanGinard\SDL_Steering_Behaviors-master\src\Scene.cpp">
      <Filter>Source Files</Filter>
    </ClCompile>
    <ClCompile Include="..\..\..\SteeringBehaviors_ToniFerrari_HuiyuanZhou_JoanGinard\SDL_Steering_Behaviors-master\src\SceneArrival.cpp">
      <Filter>Source Files</Filter>
    </ClCompile>
    <ClCompile Include="..\..\..\SteeringBehaviors_ToniFerrari_HuiyuanZhou_JoanGinard\SDL_Steering_Behaviors-master\src\SceneCollisionAvoidance.cpp">
      <Filter>Source Files</Filter>
    </ClCompile>
    <ClCompile Include="..\..\..\SteeringBehaviors_ToniFerrari_HuiyuanZhou_JoanGinard\SDL_Steering_Behaviors-master\src\SceneCombiningSB.cpp">
      <Filter>Source Files</Filter>
    </ClCompile>
    <ClCompile Include="..\..\..\SteeringBehaviors_ToniFerrari_HuiyuanZhou_JoanGinard\SDL_Steering_Behaviors-master\src\SceneFlee.cpp">
      <Filter>Source Files</Filter>
    </ClCompile>
    <ClCompile Include="..\..\..\SteeringBehaviors_ToniFerrari_HuiyuanZhou_JoanGinard\SDL_Steering_Behaviors-master\src\SceneKinematicArrive.cpp">
      <Filter>Source Files</Filter>
    </ClCompile>
    <ClCompile Include="..\..\..\SteeringBehaviors_ToniFerrari_HuiyuanZhou_JoanGinard\SDL_Steering_Behaviors-master\src\SceneKinematicEvade.cpp">
      <Filter>Source Files</Filter>
    </ClCompile>
    <ClCompile Include="..\..\..\SteeringBehaviors_ToniFerrari_HuiyuanZhou_JoanGinard\SDL_Steering_Behaviors-master\src\SceneKinematicFlee.cpp">
      <Filter>Source Files</Filter>
    </ClCompile>
    <ClCompile Include="..\..\..\SteeringBehaviors_ToniFerrari_HuiyuanZhou_JoanGinard\SDL_Steering_Behaviors-master\src\SceneKinematicPursue.cpp">
      <Filter>Source Files</Filter>
    </ClCompile>
    <ClCompile Include="..\..\..\SteeringBehaviors_ToniFerrari_HuiyuanZhou_JoanGinard\SDL_Steering_Behaviors-master\src\SceneKinematicSeek .cpp">
      <Filter>Source Files</Filter>
    </ClCompile>
    <ClCompile Include="..\..\..\SteeringBehaviors_ToniFerrari_HuiyuanZhou_JoanGinard\SDL_Steering_Behaviors-master\src\SceneKinematicWander.cpp">
      <Filter>Source Files</Filter>
    </ClCompile>
    <ClCompile Include="..\..\..\SteeringBehaviors_ToniFerrari_HuiyuanZhou_JoanGinard\SDL_Steering_Behaviors-master\src\ScenePathFinding.cpp">
      <Filter>Source Files</Filter>
    </ClCompile>
    <ClCompile Include="..\..\..\SteeringBehaviors_ToniFerrari_HuiyuanZhou_JoanGinard\SDL_Steering_Behaviors-master\src\SceneSeek.cpp">
      <Filter>Source Files</Filter>
    </ClCompile>
    <ClCompile Include="..\..\..\SteeringBehaviors_ToniFerrari_HuiyuanZhou_JoanGinard\SDL_Steering_Behaviors-master\src\SceneSeekPursue.cpp">
      <Filter>Source Files</Filter>
    </ClCompile>
    <ClCompile Include="..\..\..\SteeringBehaviors_ToniFerrari_HuiyuanZhou_JoanGinard\SDL_Steering_Behaviors-master\src\SceneSeekSeek.cpp">
      <Filter>Source Files</Filter>
    </ClCompile>
    <ClCompile Include="..\..\..\SteeringBehaviors_ToniFerrari_HuiyuanZhou_JoanGinard\SDL_Steering_Behaviors-master\src\SceneWander.cpp">
      <Filter>Source Files</Filter>
    </ClCompile>
    <ClCompile Include="..\..\..\SteeringBehaviors_ToniFerrari_HuiyuanZhou_JoanGinard\SDL_Steering_Behaviors-master\src\SDL_SimpleApp.cpp">
      <Filter>Source Files</Filter>
    </ClCompile>
    <ClCompile Include="..\..\..\SteeringBehaviors_ToniFerrari_HuiyuanZhou_JoanGinard\SDL_Steering_Behaviors-master\src\SteeringBehavior.cpp">
      <Filter>Source Files</Filter>
    </ClCompile>
    <ClCompile Include="..\..\..\SteeringBehaviors_ToniFerrari_HuiyuanZhou_JoanGinard\SDL_Steering_Behaviors-master\src\utils .cpp">
      <Filter>Source Files</Filter>
    </ClCompile>
    <ClCompile Include="..\..\..\SteeringBehaviors_ToniFerrari_HuiyuanZhou_JoanGinard\SDL_Steering_Behaviors-master\src\Zombie.cpp">
      <Filter>Source Files</Filter>
    </ClCompile>
  </ItemGroup>
  <ItemGroup>
    <ClInclude Include="..\..\..\SteeringBehaviors_ToniFerrari_HuiyuanZhou_JoanGinard\SDL_Steering_Behaviors-master\src\Agent.h">
      <Filter>Header Files</Filter>
    </ClInclude>
    <ClInclude Include="..\..\..\SteeringBehaviors_ToniFerrari_HuiyuanZhou_JoanGinard\SDL_Steering_Behaviors-master\src\Flocking.h">
      <Filter>Header Files</Filter>
    </ClInclude>
    <ClInclude Include="..\..\..\SteeringBehaviors_ToniFerrari_HuiyuanZhou_JoanGinard\SDL_Steering_Behaviors-master\src\Scene.h">
      <Filter>Header Files</Filter>
    </ClInclude>
    <ClInclude Include="..\..\..\SteeringBehaviors_ToniFerrari_HuiyuanZhou_JoanGinard\SDL_Steering_Behaviors-master\src\SceneArrival.h">
      <Filter>Header Files</Filter>
    </ClInclude>
    <ClInclude Include="..\..\..\SteeringBehaviors_ToniFerrari_HuiyuanZhou_JoanGinard\SDL_Steering_Behaviors-master\src\SceneCollisionAvoidance.h">
      <Filter>Header Files</Filter>
    </ClInclude>
    <ClInclude Include="..\..\..\SteeringBehaviors_ToniFerrari_HuiyuanZhou_JoanGinard\SDL_Steering_Behaviors-master\src\SceneCombiningSB.h">
      <Filter>Header Files</Filter>
    </ClInclude>
    <ClInclude Include="..\..\..\SteeringBehaviors_ToniFerrari_HuiyuanZhou_JoanGinard\SDL_Steering_Behaviors-master\src\SceneFlee.h">
      <Filter>Header Files</Filter>
    </ClInclude>
    <ClInclude Include="..\..\..\SteeringBehaviors_ToniFerrari_HuiyuanZhou_JoanGinard\SDL_Steering_Behaviors-master\src\SceneKinematicArrive.h">
      <Filter>Header Files</Filter>
    </ClInclude>
    <ClInclude Include="..\..\..\SteeringBehaviors_ToniFerrari_HuiyuanZhou_JoanGinard\SDL_Steering_Behaviors-master\src\SceneKinematicEvade.h">
      <Filter>Header Files</Filter>
    </ClInclude>
    <ClInclude Include="..\..\..\SteeringBehaviors_ToniFerrari_HuiyuanZhou_JoanGinard\SDL_Steering_Behaviors-master\src\SceneKinematicFlee.h">
      <Filter>Header Files</Filter>
    </ClInclude>
    <ClInclude Include="..\..\..\SteeringBehaviors_ToniFerrari_HuiyuanZhou_JoanGinard\SDL_Steering_Behaviors-master\src\SceneKinematicPursue.h">
      <Filter>Header Files</Filter>
    </ClInclude>
    <ClInclude Include="..\..\..\SteeringBehaviors_ToniFerrari_HuiyuanZhou_JoanGinard\SDL_Steering_Behaviors-master\src\SceneKinematicSeek.h">
      <Filter>Header Files</Filter>
    </ClInclude>
    <ClInclude Include="..\..\..\SteeringBehaviors_ToniFerrari_HuiyuanZhou_JoanGinard\SDL_Steering_Behaviors-master\src\SceneKinematicWander.h">
      <Filter>Header Files</Filter>
    </ClInclude>
    <ClInclude Include="..\..\..\SteeringBehaviors_ToniFerrari_HuiyuanZhou_JoanGinard\SDL_Steering_Behaviors-master\src\ScenePathFinding.h">
      <Filter>Header Files</Filter>
    </ClInclude>
    <ClInclude Include="..\..\..\SteeringBehaviors_ToniFerrari_HuiyuanZhou_JoanGinard\SDL_Steering_Behaviors-master\src\SceneSeek.h">
      <Filter>Header Files</Filter>
    </ClInclude>
    <ClInclude Include="..\..\..\SteeringBehaviors_ToniFerrari_HuiyuanZhou_JoanGinard\SDL_Steering_Behaviors-master\src\SceneSeekPursue.h">
      <Filter>Header Files</Filter>
    </ClInclude>
    <ClInclude Include="..\..\..\SteeringBehaviors_ToniFerrari_HuiyuanZhou_JoanGinard\SDL_Steering_Behaviors-master\src\SceneSeekSeek.h">
      <Filter>Header Files</Filter>
    </ClInclude>
    <ClInclude Include="..\..\..\SteeringBehaviors_ToniFerrari_HuiyuanZhou_JoanGinard\SDL_Steering_Behaviors-master\src\SceneWander.h">
      <Filter>Header Files</Filter>
    </ClInclude>
    <ClInclude Include="..\..\..\SteeringBehaviors_ToniFerrari_HuiyuanZhou_JoanGinard\SDL_Steering_Behaviors-master\src\SDL_SimpleApp.h">
      <Filter>Header Files</Filter>
    </ClInclude>
    <ClInclude Include="..\..\..\SteeringBehaviors_ToniFerrari_HuiyuanZhou_JoanGinard\SDL_Steering_Behaviors-master\src\SteeringBehavior.h">
      <Filter>Header Files</Filter>
    </ClInclude>
    <ClInclude Include="..\..\..\SteeringBehaviors_ToniFerrari_HuiyuanZhou_JoanGinard\SDL_Steering_Behaviors-master\src\utils.h">
      <Filter>Header Files</Filter>
    </ClInclude>
    <ClInclude Include="..\..\..\SteeringBehaviors_ToniFerrari_HuiyuanZhou_JoanGinard\SDL_Steering_Behaviors-master\src\Vector2D.h">
      <Filter>Header Files</Filter>
    </ClInclude>
    <ClInclude Include="..\..\..\SteeringBehaviors_ToniFerrari_HuiyuanZhou_JoanGinard\SDL_Steering_Behaviors-master\src\Zombie.h">
      <Filter>Header Files</Filter>
    </ClInclude>
  </ItemGroup>
</Project>